
Microsoft Visual Studio Solution File, Format Version 12.00
# Visual Studio Version 17
VisualStudioVersion = 17.6.33829.357
MinimumVisualStudioVersion = 10.0.40219.1
Project("{FAE04EC0-301F-11D3-BF4B-00C04F79EFBC}") = "csharp_bancuuchuong", "csharp_bancuuchuong.csproj", "{32A3676F-B547-4ED9-B792-C96A62434D2A}"
EndProject
Global
	GlobalSection(SolutionConfigurationPlatforms) = preSolution
		Debug|Any CPU = Debug|Any CPU
		Release|Any CPU = Release|Any CPU
	EndGlobalSection
	GlobalSection(ProjectConfigurationPlatforms) = postSolution
		{32A3676F-B547-4ED9-B792-C96A62434D2A}.Debug|Any CPU.ActiveCfg = Debug|Any CPU
		{32A3676F-B547-4ED9-B792-C96A62434D2A}.Debug|Any CPU.Build.0 = Debug|Any CPU
		{32A3676F-B547-4ED9-B792-C96A62434D2A}.Release|Any CPU.ActiveCfg = Release|Any CPU
		{32A3676F-B547-4ED9-B792-C96A62434D2A}.Release|Any CPU.Build.0 = Release|Any CPU
	EndGlobalSection
	GlobalSection(SolutionProperties) = preSolution
		HideSolutionNode = FALSE
	EndGlobalSection
	GlobalSection(ExtensibilityGlobals) = postSolution
		SolutionGuid = {89BE7938-A2BB-4E9A-ABD7-511B4628A601}
	EndGlobalSection
EndGlobal
